
Microsoft Visual Studio Solution File, Format Version 12.00
# Visual Studio 14
VisualStudioVersion = 14.0.25420.1
MinimumVisualStudioVersion = 10.0.40219.1
Project("{8BC9CEB8-8B4A-11D0-8D11-00A0C91BC942}") = "Heuristic", "Heuristic\Heuristic.vcxproj", "{595E23B0-6AFC-4597-82C7-A2BB0D3ED523}"
EndProject
Project("{8BC9CEB8-8B4A-11D0-8D11-00A0C91BC942}") = "1460867", "1460867\1460867.vcxproj", "{1112142F-3746-42DC-96CE-32B16D034F3E}"
EndProject
Global
	GlobalSection(SolutionConfigurationPlatforms) = preSolution
		Debug|x64 = Debug|x64
		Debug|x86 = Debug|x86
		Release|x64 = Release|x64
		Release|x86 = Release|x86
	EndGlobalSection
	GlobalSection(ProjectConfigurationPlatforms) = postSolution
		{595E23B0-6AFC-4597-82C7-A2BB0D3ED523}.Debug|x64.ActiveCfg = Debug|x64
		{595E23B0-6AFC-4597-82C7-A2BB0D3ED523}.Debug|x64.Build.0 = Debug|x64
		{595E23B0-6AFC-4597-82C7-A2BB0D3ED523}.Debug|x86.ActiveCfg = Debug|Win32
		{595E23B0-6AFC-4597-82C7-A2BB0D3ED523}.Debug|x86.Build.0 = Debug|Win32
		{595E23B0-6AFC-4597-82C7-A2BB0D3ED523}.Release|x64.ActiveCfg = Release|x64
		{595E23B0-6AFC-4597-82C7-A2BB0D3ED523}.Release|x64.Build.0 = Release|x64
		{595E23B0-6AFC-4597-82C7-A2BB0D3ED523}.Release|x86.ActiveCfg = Release|Win32
		{595E23B0-6AFC-4597-82C7-A2BB0D3ED523}.Release|x86.Build.0 = Release|Win32
		{1112142F-3746-42DC-96CE-32B16D034F3E}.Debug|x64.ActiveCfg = Debug|x64
		{1112142F-3746-42DC-96CE-32B16D034F3E}.Debug|x64.Build.0 = Debug|x64
		{1112142F-3746-42DC-96CE-32B16D034F3E}.Debug|x86.ActiveCfg = Debug|Win32
		{1112142F-3746-42DC-96CE-32B16D034F3E}.Debug|x86.Build.0 = Debug|Win32
		{1112142F-3746-42DC-96CE-32B16D034F3E}.Release|x64.ActiveCfg = Release|x64
		{1112142F-3746-42DC-96CE-32B16D034F3E}.Release|x64.Build.0 = Release|x64
		{1112142F-3746-42DC-96CE-32B16D034F3E}.Release|x86.ActiveCfg = Release|Win32
		{1112142F-3746-42DC-96CE-32B16D034F3E}.Release|x86.Build.0 = Release|Win32
	EndGlobalSection
	GlobalSection(SolutionProperties) = preSolution
		HideSolutionNode = FALSE
	EndGlobalSection
EndGlobal
